
Microsoft Visual Studio Solution File, Format Version 12.00
# Visual Studio Version 16
VisualStudioVersion = 16.0.30611.23
MinimumVisualStudioVersion = 10.0.40219.1
Project("{9A19103F-16F7-4668-BE54-9A1E7A4F7556}") = "CommandBus", "CommandBus\CommandBus.csproj", "{0DA7F6E0-6B2C-42C8-93A1-ADC8504E3C8B}"
EndProject
Project("{9A19103F-16F7-4668-BE54-9A1E7A4F7556}") = "EventStore", "EventStore\EventStore.csproj", "{4A24C1CE-D90E-4BFA-8BC3-7EC8050D581C}"
EndProject
Project("{9A19103F-16F7-4668-BE54-9A1E7A4F7556}") = "CommandHandlers", "CommandHandlers\CommandHandlers.csproj", "{C04F22D9-533F-4818-851E-B0495FBD79B0}"
EndProject
Project("{9A19103F-16F7-4668-BE54-9A1E7A4F7556}") = "EventBus", "EventBus\EventBus.csproj", "{74150358-1655-41C3-84D6-02F83B4654C9}"
EndProject
Project("{9A19103F-16F7-4668-BE54-9A1E7A4F7556}") = "Events", "EventsAndCommands\Events.csproj", "{642D67D2-A5D2-4BA5-90C9-09911E2110A1}"
EndProject
Project("{9A19103F-16F7-4668-BE54-9A1E7A4F7556}") = "EventHandlers", "EventHandlers\EventHandlers.csproj", "{DA0B5849-256C-4CDC-A0F1-DEA90EC39EEB}"
EndProject
Project("{2150E333-8FDC-42A3-9474-1A3956D46DE8}") = "Tests", "Tests", "{EB8E0AFF-15BE-48B9-B1D0-E61CE7CFA5B6}"
EndProject
Project("{9A19103F-16F7-4668-BE54-9A1E7A4F7556}") = "AggregatesTests", "AggregatesTests\AggregatesTests.csproj", "{308FF802-9832-4990-86E3-10CAF0CC7B9F}"
EndProject
Project("{9A19103F-16F7-4668-BE54-9A1E7A4F7556}") = "CommandHandlersTests", "CommandHandlersTests\CommandHandlersTests.csproj", "{FFA710AA-3BE0-43DB-9596-6BB0E6FE4069}"
EndProject
Project("{9A19103F-16F7-4668-BE54-9A1E7A4F7556}") = "CommandBusTest", "CommandBusTest\CommandBusTest.csproj", "{C22D5646-ABA6-4E26-B13F-97DDEFC2EBEC}"
EndProject
Project("{9A19103F-16F7-4668-BE54-9A1E7A4F7556}") = "EventBusTests", "EventBusTests\EventBusTests.csproj", "{9C64763F-AF69-419E-B549-D54DEBB1D3D0}"
EndProject
Project("{9A19103F-16F7-4668-BE54-9A1E7A4F7556}") = "EventHandlersTests", "EventHandlersTests\EventHandlersTests.csproj", "{6E0C515D-59AF-4777-8265-FE022BB75112}"
EndProject
Project("{9A19103F-16F7-4668-BE54-9A1E7A4F7556}") = "SqLiteTest", "SqLiteTest\SqLiteTest.csproj", "{B374DB15-C20C-45E5-A5CF-4DEE09943824}"
EndProject
Project("{9A19103F-16F7-4668-BE54-9A1E7A4F7556}") = "EventStoreRepositoryTest", "EventStoreRepositoryTest\EventStoreRepositoryTest.csproj", "{8D0033DD-DC84-4FF3-A444-F253E6286619}"
EndProject
Project("{FAE04EC0-301F-11D3-BF4B-00C04F79EFBC}") = "Commands", "Commands\Commands.csproj", "{012CEAB6-4EEB-4B49-A143-B79DAF0899A4}"
EndProject
Project("{FAE04EC0-301F-11D3-BF4B-00C04F79EFBC}") = "FunctionalTests", "FunctionalTests\FunctionalTests.csproj", "{F189E87B-9474-471D-B783-5AFBA45E6E74}"
EndProject
Global
	GlobalSection(SolutionConfigurationPlatforms) = preSolution
		Debug|Any CPU = Debug|Any CPU
		Release|Any CPU = Release|Any CPU
	EndGlobalSection
	GlobalSection(ProjectConfigurationPlatforms) = postSolution
		{0DA7F6E0-6B2C-42C8-93A1-ADC8504E3C8B}.Debug|Any CPU.ActiveCfg = Debug|Any CPU
		{0DA7F6E0-6B2C-42C8-93A1-ADC8504E3C8B}.Debug|Any CPU.Build.0 = Debug|Any CPU
		{0DA7F6E0-6B2C-42C8-93A1-ADC8504E3C8B}.Release|Any CPU.ActiveCfg = Release|Any CPU
		{0DA7F6E0-6B2C-42C8-93A1-ADC8504E3C8B}.Release|Any CPU.Build.0 = Release|Any CPU
		{4A24C1CE-D90E-4BFA-8BC3-7EC8050D581C}.Debug|Any CPU.ActiveCfg = Debug|Any CPU
		{4A24C1CE-D90E-4BFA-8BC3-7EC8050D581C}.Debug|Any CPU.Build.0 = Debug|Any CPU
		{4A24C1CE-D90E-4BFA-8BC3-7EC8050D581C}.Release|Any CPU.ActiveCfg = Release|Any CPU
		{4A24C1CE-D90E-4BFA-8BC3-7EC8050D581C}.Release|Any CPU.Build.0 = Release|Any CPU
		{C04F22D9-533F-4818-851E-B0495FBD79B0}.Debug|Any CPU.ActiveCfg = Debug|Any CPU
		{C04F22D9-533F-4818-851E-B0495FBD79B0}.Debug|Any CPU.Build.0 = Debug|Any CPU
		{C04F22D9-533F-4818-851E-B0495FBD79B0}.Release|Any CPU.ActiveCfg = Release|Any CPU
		{C04F22D9-533F-4818-851E-B0495FBD79B0}.Release|Any CPU.Build.0 = Release|Any CPU
		{74150358-1655-41C3-84D6-02F83B4654C9}.Debug|Any CPU.ActiveCfg = Debug|Any CPU
		{74150358-1655-41C3-84D6-02F83B4654C9}.Debug|Any CPU.Build.0 = Debug|Any CPU
		{74150358-1655-41C3-84D6-02F83B4654C9}.Release|Any CPU.ActiveCfg = Release|Any CPU
		{74150358-1655-41C3-84D6-02F83B4654C9}.Release|Any CPU.Build.0 = Release|Any CPU
		{642D67D2-A5D2-4BA5-90C9-09911E2110A1}.Debug|Any CPU.ActiveCfg = Debug|Any CPU
		{642D67D2-A5D2-4BA5-90C9-09911E2110A1}.Debug|Any CPU.Build.0 = Debug|Any CPU
		{642D67D2-A5D2-4BA5-90C9-09911E2110A1}.Release|Any CPU.ActiveCfg = Release|Any CPU
		{642D67D2-A5D2-4BA5-90C9-09911E2110A1}.Release|Any CPU.Build.0 = Release|Any CPU
		{DA0B5849-256C-4CDC-A0F1-DEA90EC39EEB}.Debug|Any CPU.ActiveCfg = Debug|Any CPU
		{DA0B5849-256C-4CDC-A0F1-DEA90EC39EEB}.Debug|Any CPU.Build.0 = Debug|Any CPU
		{DA0B5849-256C-4CDC-A0F1-DEA90EC39EEB}.Release|Any CPU.ActiveCfg = Release|Any CPU
		{DA0B5849-256C-4CDC-A0F1-DEA90EC39EEB}.Release|Any CPU.Build.0 = Release|Any CPU
		{308FF802-9832-4990-86E3-10CAF0CC7B9F}.Debug|Any CPU.ActiveCfg = Debug|Any CPU
		{308FF802-9832-4990-86E3-10CAF0CC7B9F}.Debug|Any CPU.Build.0 = Debug|Any CPU
		{308FF802-9832-4990-86E3-10CAF0CC7B9F}.Release|Any CPU.ActiveCfg = Release|Any CPU
		{308FF802-9832-4990-86E3-10CAF0CC7B9F}.Release|Any CPU.Build.0 = Release|Any CPU
		{FFA710AA-3BE0-43DB-9596-6BB0E6FE4069}.Debug|Any CPU.ActiveCfg = Debug|Any CPU
		{FFA710AA-3BE0-43DB-9596-6BB0E6FE4069}.Debug|Any CPU.Build.0 = Debug|Any CPU
		{FFA710AA-3BE0-43DB-9596-6BB0E6FE4069}.Release|Any CPU.ActiveCfg = Release|Any CPU
		{FFA710AA-3BE0-43DB-9596-6BB0E6FE4069}.Release|Any CPU.Build.0 = Release|Any CPU
		{C22D5646-ABA6-4E26-B13F-97DDEFC2EBEC}.Debug|Any CPU.ActiveCfg = Debug|Any CPU
		{C22D5646-ABA6-4E26-B13F-97DDEFC2EBEC}.Debug|Any CPU.Build.0 = Debug|Any CPU
		{C22D5646-ABA6-4E26-B13F-97DDEFC2EBEC}.Release|Any CPU.ActiveCfg = Release|Any CPU
		{C22D5646-ABA6-4E26-B13F-97DDEFC2EBEC}.Release|Any CPU.Build.0 = Release|Any CPU
		{9C64763F-AF69-419E-B549-D54DEBB1D3D0}.Debug|Any CPU.ActiveCfg = Debug|Any CPU
		{9C64763F-AF69-419E-B549-D54DEBB1D3D0}.Debug|Any CPU.Build.0 = Debug|Any CPU
		{9C64763F-AF69-419E-B549-D54DEBB1D3D0}.Release|Any CPU.ActiveCfg = Release|Any CPU
		{9C64763F-AF69-419E-B549-D54DEBB1D3D0}.Release|Any CPU.Build.0 = Release|Any CPU
		{6E0C515D-59AF-4777-8265-FE022BB75112}.Debug|Any CPU.ActiveCfg = Debug|Any CPU
		{6E0C515D-59AF-4777-8265-FE022BB75112}.Debug|Any CPU.Build.0 = Debug|Any CPU
		{6E0C515D-59AF-4777-8265-FE022BB75112}.Release|Any CPU.ActiveCfg = Release|Any CPU
		{6E0C515D-59AF-4777-8265-FE022BB75112}.Release|Any CPU.Build.0 = Release|Any CPU
		{B374DB15-C20C-45E5-A5CF-4DEE09943824}.Debug|Any CPU.ActiveCfg = Debug|Any CPU
		{B374DB15-C20C-45E5-A5CF-4DEE09943824}.Debug|Any CPU.Build.0 = Debug|Any CPU
		{B374DB15-C20C-45E5-A5CF-4DEE09943824}.Release|Any CPU.ActiveCfg = Release|Any CPU
		{B374DB15-C20C-45E5-A5CF-4DEE09943824}.Release|Any CPU.Build.0 = Release|Any CPU
		{8D0033DD-DC84-4FF3-A444-F253E6286619}.Debug|Any CPU.ActiveCfg = Debug|Any CPU
		{8D0033DD-DC84-4FF3-A444-F253E6286619}.Debug|Any CPU.Build.0 = Debug|Any CPU
		{8D0033DD-DC84-4FF3-A444-F253E6286619}.Release|Any CPU.ActiveCfg = Release|Any CPU
		{8D0033DD-DC84-4FF3-A444-F253E6286619}.Release|Any CPU.Build.0 = Release|Any CPU
		{012CEAB6-4EEB-4B49-A143-B79DAF0899A4}.Debug|Any CPU.ActiveCfg = Debug|Any CPU
		{012CEAB6-4EEB-4B49-A143-B79DAF0899A4}.Debug|Any CPU.Build.0 = Debug|Any CPU
		{012CEAB6-4EEB-4B49-A143-B79DAF0899A4}.Release|Any CPU.ActiveCfg = Release|Any CPU
		{012CEAB6-4EEB-4B49-A143-B79DAF0899A4}.Release|Any CPU.Build.0 = Release|Any CPU
		{F189E87B-9474-471D-B783-5AFBA45E6E74}.Debug|Any CPU.ActiveCfg = Debug|Any CPU
		{F189E87B-9474-471D-B783-5AFBA45E6E74}.Debug|Any CPU.Build.0 = Debug|Any CPU
		{F189E87B-9474-471D-B783-5AFBA45E6E74}.Release|Any CPU.ActiveCfg = Release|Any CPU
		{F189E87B-9474-471D-B783-5AFBA45E6E74}.Release|Any CPU.Build.0 = Release|Any CPU
	EndGlobalSection
	GlobalSection(SolutionProperties) = preSolution
		HideSolutionNode = FALSE
	EndGlobalSection
	GlobalSection(NestedProjects) = preSolution
		{308FF802-9832-4990-86E3-10CAF0CC7B9F} = {EB8E0AFF-15BE-48B9-B1D0-E61CE7CFA5B6}
		{FFA710AA-3BE0-43DB-9596-6BB0E6FE4069} = {EB8E0AFF-15BE-48B9-B1D0-E61CE7CFA5B6}
		{C22D5646-ABA6-4E26-B13F-97DDEFC2EBEC} = {EB8E0AFF-15BE-48B9-B1D0-E61CE7CFA5B6}
		{9C64763F-AF69-419E-B549-D54DEBB1D3D0} = {EB8E0AFF-15BE-48B9-B1D0-E61CE7CFA5B6}
		{6E0C515D-59AF-4777-8265-FE022BB75112} = {EB8E0AFF-15BE-48B9-B1D0-E61CE7CFA5B6}
		{B374DB15-C20C-45E5-A5CF-4DEE09943824} = {EB8E0AFF-15BE-48B9-B1D0-E61CE7CFA5B6}
		{8D0033DD-DC84-4FF3-A444-F253E6286619} = {EB8E0AFF-15BE-48B9-B1D0-E61CE7CFA5B6}
		{F189E87B-9474-471D-B783-5AFBA45E6E74} = {EB8E0AFF-15BE-48B9-B1D0-E61CE7CFA5B6}
	EndGlobalSection
	GlobalSection(ExtensibilityGlobals) = postSolution
		SolutionGuid = {82BB25EB-CF3D-4F1F-BF8A-1481E328851B}
	EndGlobalSection
EndGlobal
