
Microsoft Visual Studio Solution File, Format Version 12.00
# Visual Studio Version 16
VisualStudioVersion = 16.0.30611.23
MinimumVisualStudioVersion = 10.0.40219.1
Project("{2150E333-8FDC-42A3-9474-1A3956D46DE8}") = "Modules", "Modules", "{B052610A-238D-45A7-91B6-F490C13CA8C6}"
EndProject
Project("{9A19103F-16F7-4668-BE54-9A1E7A4F7556}") = "Core", "Core\Core.csproj", "{E4FB97E0-319C-45BB-BC90-D8A00FF1ABEE}"
EndProject
Project("{9A19103F-16F7-4668-BE54-9A1E7A4F7556}") = "FunctionalTests", "FunctionalTests\FunctionalTests.csproj", "{3E0F118A-0542-48E1-901C-6DBBE9933353}"
EndProject
Project("{9A19103F-16F7-4668-BE54-9A1E7A4F7556}") = "DepositModule", "DepositModule\DepositModule.csproj", "{4EABB4D3-358B-4943-B76A-AE33A5731D44}"
EndProject
Project("{FAE04EC0-301F-11D3-BF4B-00C04F79EFBC}") = "AccountModule", "AccountModule\AccountModule.csproj", "{24A260C4-AD24-4FA5-A74D-A13265A984A2}"
EndProject
Global
	GlobalSection(SolutionConfigurationPlatforms) = preSolution
		Debug|Any CPU = Debug|Any CPU
		Release|Any CPU = Release|Any CPU
	EndGlobalSection
	GlobalSection(ProjectConfigurationPlatforms) = postSolution
		{E4FB97E0-319C-45BB-BC90-D8A00FF1ABEE}.Debug|Any CPU.ActiveCfg = Debug|Any CPU
		{E4FB97E0-319C-45BB-BC90-D8A00FF1ABEE}.Debug|Any CPU.Build.0 = Debug|Any CPU
		{E4FB97E0-319C-45BB-BC90-D8A00FF1ABEE}.Release|Any CPU.ActiveCfg = Release|Any CPU
		{E4FB97E0-319C-45BB-BC90-D8A00FF1ABEE}.Release|Any CPU.Build.0 = Release|Any CPU
		{3E0F118A-0542-48E1-901C-6DBBE9933353}.Debug|Any CPU.ActiveCfg = Debug|Any CPU
		{3E0F118A-0542-48E1-901C-6DBBE9933353}.Debug|Any CPU.Build.0 = Debug|Any CPU
		{3E0F118A-0542-48E1-901C-6DBBE9933353}.Release|Any CPU.ActiveCfg = Release|Any CPU
		{3E0F118A-0542-48E1-901C-6DBBE9933353}.Release|Any CPU.Build.0 = Release|Any CPU
		{4EABB4D3-358B-4943-B76A-AE33A5731D44}.Debug|Any CPU.ActiveCfg = Debug|Any CPU
		{4EABB4D3-358B-4943-B76A-AE33A5731D44}.Debug|Any CPU.Build.0 = Debug|Any CPU
		{4EABB4D3-358B-4943-B76A-AE33A5731D44}.Release|Any CPU.ActiveCfg = Release|Any CPU
		{4EABB4D3-358B-4943-B76A-AE33A5731D44}.Release|Any CPU.Build.0 = Release|Any CPU
		{24A260C4-AD24-4FA5-A74D-A13265A984A2}.Debug|Any CPU.ActiveCfg = Debug|Any CPU
		{24A260C4-AD24-4FA5-A74D-A13265A984A2}.Debug|Any CPU.Build.0 = Debug|Any CPU
		{24A260C4-AD24-4FA5-A74D-A13265A984A2}.Release|Any CPU.ActiveCfg = Release|Any CPU
		{24A260C4-AD24-4FA5-A74D-A13265A984A2}.Release|Any CPU.Build.0 = Release|Any CPU
	EndGlobalSection
	GlobalSection(SolutionProperties) = preSolution
		HideSolutionNode = FALSE
	EndGlobalSection
	GlobalSection(NestedProjects) = preSolution
		{4EABB4D3-358B-4943-B76A-AE33A5731D44} = {B052610A-238D-45A7-91B6-F490C13CA8C6}
		{24A260C4-AD24-4FA5-A74D-A13265A984A2} = {B052610A-238D-45A7-91B6-F490C13CA8C6}
	EndGlobalSection
	GlobalSection(ExtensibilityGlobals) = postSolution
		SolutionGuid = {82BB25EB-CF3D-4F1F-BF8A-1481E328851B}
	EndGlobalSection
EndGlobal
